
Microsoft Visual Studio Solution File, Format Version 12.00
# Visual Studio Version 17
VisualStudioVersion = 17.1.32319.34
MinimumVisualStudioVersion = 10.0.40219.1
Project("{FAE04EC0-301F-11D3-BF4B-00C04F79EFBC}") = "atividades AV2", "atividades AV2\atividades AV2.csproj", "{0A1BD1F4-EFA1-4914-AA23-EF4367668BE6}"
EndProject
Global
	GlobalSection(SolutionConfigurationPlatforms) = preSolution
		Debug|Any CPU = Debug|Any CPU
		Release|Any CPU = Release|Any CPU
	EndGlobalSection
	GlobalSection(ProjectConfigurationPlatforms) = postSolution
		{0A1BD1F4-EFA1-4914-AA23-EF4367668BE6}.Debug|Any CPU.ActiveCfg = Debug|Any CPU
		{0A1BD1F4-EFA1-4914-AA23-EF4367668BE6}.Debug|Any CPU.Build.0 = Debug|Any CPU
		{0A1BD1F4-EFA1-4914-AA23-EF4367668BE6}.Release|Any CPU.ActiveCfg = Release|Any CPU
		{0A1BD1F4-EFA1-4914-AA23-EF4367668BE6}.Release|Any CPU.Build.0 = Release|Any CPU
	EndGlobalSection
	GlobalSection(SolutionProperties) = preSolution
		HideSolutionNode = FALSE
	EndGlobalSection
	GlobalSection(ExtensibilityGlobals) = postSolution
		SolutionGuid = {C5B48E3D-7576-4A0A-BF75-C8A5CBF59845}
	EndGlobalSection
EndGlobal
